
Microsoft Visual Studio Solution File, Format Version 12.00
# Visual Studio Version 17
VisualStudioVersion = 17.14.36511.14 d17.14
MinimumVisualStudioVersion = 10.0.40219.1
Project("{FAE04EC0-301F-11D3-BF4B-00C04F79EFBC}") = "PMS", "PMS\PMS.csproj", "{605DCFB3-4A7A-4D61-B4EB-EDED01ED1BF0}"
EndProject
Global
	GlobalSection(SolutionConfigurationPlatforms) = preSolution
		Debug|Any CPU = Debug|Any CPU
		Release|Any CPU = Release|Any CPU
	EndGlobalSection
	GlobalSection(ProjectConfigurationPlatforms) = postSolution
		{605DCFB3-4A7A-4D61-B4EB-EDED01ED1BF0}.Debug|Any CPU.ActiveCfg = Debug|Any CPU
		{605DCFB3-4A7A-4D61-B4EB-EDED01ED1BF0}.Debug|Any CPU.Build.0 = Debug|Any CPU
		{605DCFB3-4A7A-4D61-B4EB-EDED01ED1BF0}.Release|Any CPU.ActiveCfg = Release|Any CPU
		{605DCFB3-4A7A-4D61-B4EB-EDED01ED1BF0}.Release|Any CPU.Build.0 = Release|Any CPU
	EndGlobalSection
	GlobalSection(SolutionProperties) = preSolution
		HideSolutionNode = FALSE
	EndGlobalSection
	GlobalSection(ExtensibilityGlobals) = postSolution
		SolutionGuid = {4D156F01-383E-4205-9DC2-FAC9B1467EB1}
	EndGlobalSection
EndGlobal
